// !$*UTF8*$!
{
	archiveVersion = 1;
	classes = {
	};
	objectVersion = 46;
	objects = {

/* Begin PBXBuildFile section */
		B209DE471C3D22CE00BA416C /* Catalog.swift in Sources */ = {isa = PBXBuildFile; fileRef = B209DE461C3D22CE00BA416C /* Catalog.swift */; };
		B209DE4B1C3E83F900BA416C /* Work.swift in Sources */ = {isa = PBXBuildFile; fileRef = B209DE4A1C3E83F900BA416C /* Work.swift */; };
		B209DE4D1C43C07E00BA416C /* UndoCommand.swift in Sources */ = {isa = PBXBuildFile; fileRef = B209DE4C1C43C07E00BA416C /* UndoCommand.swift */; };
		B220E6681BF808DA00C3F51B /* ComponentProducer.swift in Sources */ = {isa = PBXBuildFile; fileRef = B220E6671BF808DA00C3F51B /* ComponentProducer.swift */; };
		B220E66A1BF8095B00C3F51B /* RectangleProducer.swift in Sources */ = {isa = PBXBuildFile; fileRef = B220E6691BF8095B00C3F51B /* RectangleProducer.swift */; };
		B23D64A31C5A3E7E0032B72B /* ShapeStyle.swift in Sources */ = {isa = PBXBuildFile; fileRef = B23D64A21C5A3E7E0032B72B /* ShapeStyle.swift */; };
		B23E7F981BD98350008460C8 /* ComponentControllerType+Cocoa.swift in Sources */ = {isa = PBXBuildFile; fileRef = B23E7F971BD98350008460C8 /* ComponentControllerType+Cocoa.swift */; };
		B249AB8F1CA7BD88006AAA42 /* IndexDisplay.swift in Sources */ = {isa = PBXBuildFile; fileRef = B249AB8E1CA7BD88006AAA42 /* IndexDisplay.swift */; };
		B264283A1C0738BC00EEB259 /* Cartfile in Resources */ = {isa = PBXBuildFile; fileRef = B26428391C0738BC00EEB259 /* Cartfile */; };
		B264283C1C0978AF00EEB259 /* ImageLoader.swift in Sources */ = {isa = PBXBuildFile; fileRef = B264283B1C0978AF00EEB259 /* ImageLoader.swift */; };
		B264283E1C0978C800EEB259 /* ImageGraphic.swift in Sources */ = {isa = PBXBuildFile; fileRef = B264283D1C0978C800EEB259 /* ImageGraphic.swift */; };
		B26428411C09793F00EEB259 /* ImageSource.swift in Sources */ = {isa = PBXBuildFile; fileRef = B26428401C09793F00EEB259 /* ImageSource.swift */; };
		B26428431C097E9E00EEB259 /* Alamofire.framework in Frameworks */ = {isa = PBXBuildFile; fileRef = B26428421C097E9E00EEB259 /* Alamofire.framework */; };
		B26428441C097EB000EEB259 /* Alamofire.framework in CopyFiles */ = {isa = PBXBuildFile; fileRef = B26428421C097E9E00EEB259 /* Alamofire.framework */; settings = {ATTRIBUTES = (CodeSignOnCopy, RemoveHeadersOnCopy, ); }; };
		B26428461C09A1DB00EEB259 /* ComponentSelection.swift in Sources */ = {isa = PBXBuildFile; fileRef = B26428451C09A1DB00EEB259 /* ComponentSelection.swift */; };
		B264284A1C09BE2A00EEB259 /* ComponentKind.swift in Sources */ = {isa = PBXBuildFile; fileRef = B26428491C09BE2A00EEB259 /* ComponentKind.swift */; };
		B264284C1C0A647D00EEB259 /* GuideTransform.swift in Sources */ = {isa = PBXBuildFile; fileRef = B264284B1C0A647D00EEB259 /* GuideTransform.swift */; };
		B264284E1C0AB4A200EEB259 /* ElementType.swift in Sources */ = {isa = PBXBuildFile; fileRef = B264284D1C0AB4A200EEB259 /* ElementType.swift */; };
		B26428501C0AB6F300EEB259 /* CatalogReference.swift in Sources */ = {isa = PBXBuildFile; fileRef = B264284F1C0AB6F300EEB259 /* CatalogReference.swift */; };
		B26428521C0ABE0F00EEB259 /* AlterationType.swift in Sources */ = {isa = PBXBuildFile; fileRef = B26428511C0ABE0F00EEB259 /* AlterationType.swift */; };
		B26428561C12B61000EEB259 /* Shape.swift in Sources */ = {isa = PBXBuildFile; fileRef = B26428551C12B61000EEB259 /* Shape.swift */; };
		B26ADEC11C8EEEB10097B259 /* DocumentState.swift in Sources */ = {isa = PBXBuildFile; fileRef = B26ADEC01C8EEEB10097B259 /* DocumentState.swift */; };
		B27D8D2B1C517D2D003F1ABD /* GeometricSequence.swift in Sources */ = {isa = PBXBuildFile; fileRef = B27D8D2A1C517D2D003F1ABD /* GeometricSequence.swift */; };
		B27D8D2D1C532D4F003F1ABD /* Element.storyboard in Resources */ = {isa = PBXBuildFile; fileRef = B27D8D2C1C532D4F003F1ABD /* Element.storyboard */; };
		B27D8D301C53A494003F1ABD /* AddToCatalogViewController.swift in Sources */ = {isa = PBXBuildFile; fileRef = B27D8D2F1C53A494003F1ABD /* AddToCatalogViewController.swift */; };
		B27D8D321C544F03003F1ABD /* PopoverController.swift in Sources */ = {isa = PBXBuildFile; fileRef = B27D8D311C544F03003F1ABD /* PopoverController.swift */; };
		B27D8D341C5452AB003F1ABD /* CatalogListViewController.swift in Sources */ = {isa = PBXBuildFile; fileRef = B27D8D331C5452AB003F1ABD /* CatalogListViewController.swift */; };
		B27D8D3F1C54E5ED003F1ABD /* JSON.swift in Sources */ = {isa = PBXBuildFile; fileRef = B27D8D3B1C54E5ED003F1ABD /* JSON.swift */; };
		B27D8D401C54E5ED003F1ABD /* JSONParseError.swift in Sources */ = {isa = PBXBuildFile; fileRef = B27D8D3C1C54E5ED003F1ABD /* JSONParseError.swift */; };
		B27D8D411C54E5ED003F1ABD /* JSONParser.swift in Sources */ = {isa = PBXBuildFile; fileRef = B27D8D3D1C54E5ED003F1ABD /* JSONParser.swift */; };
		B27D8D421C54E5ED003F1ABD /* JSONSerializer.swift in Sources */ = {isa = PBXBuildFile; fileRef = B27D8D3E1C54E5ED003F1ABD /* JSONSerializer.swift */; };
		B27FB64D1C350BCA00DA7F00 /* ElementReference.swift in Sources */ = {isa = PBXBuildFile; fileRef = B27FB64C1C350BCA00DA7F00 /* ElementReference.swift */; };
		B27FB64F1C35168700DA7F00 /* AnyElement.swift in Sources */ = {isa = PBXBuildFile; fileRef = B27FB64E1C35168700DA7F00 /* AnyElement.swift */; };
		B27FB6511C36907D00DA7F00 /* Grid.swift in Sources */ = {isa = PBXBuildFile; fileRef = B27FB6501C36907D00DA7F00 /* Grid.swift */; };
		B27FB6531C369DAA00DA7F00 /* GroupElementType.swift in Sources */ = {isa = PBXBuildFile; fileRef = B27FB6521C369DAA00DA7F00 /* GroupElementType.swift */; };
		B27FB6551C37A88D00DA7F00 /* ShapeGraphic.swift in Sources */ = {isa = PBXBuildFile; fileRef = B27FB6541C37A88D00DA7F00 /* ShapeGraphic.swift */; };
		B27FB6571C37BD5C00DA7F00 /* ShapeGroup.swift in Sources */ = {isa = PBXBuildFile; fileRef = B27FB6561C37BD5C00DA7F00 /* ShapeGroup.swift */; };
		B27FB6591C37C60700DA7F00 /* FreeformGraphicGroup.swift in Sources */ = {isa = PBXBuildFile; fileRef = B27FB6581C37C60700DA7F00 /* FreeformGraphicGroup.swift */; };
		B27FB65B1C37C72600DA7F00 /* Mark.swift in Sources */ = {isa = PBXBuildFile; fileRef = B27FB65A1C37C72600DA7F00 /* Mark.swift */; };
		B2800A1C1C4A10E900BE3874 /* FreeformGraphic.swift in Sources */ = {isa = PBXBuildFile; fileRef = B2800A1B1C4A10E900BE3874 /* FreeformGraphic.swift */; };
		B2800A281C502C9E00BE3874 /* CombinedCatalog.swift in Sources */ = {isa = PBXBuildFile; fileRef = B2800A271C502C9E00BE3874 /* CombinedCatalog.swift */; };
		B2800A2A1C50DDEB00BE3874 /* Color.swift in Sources */ = {isa = PBXBuildFile; fileRef = B2800A291C50DDEB00BE3874 /* Color.swift */; };
		B285181C1BAC3B9100135E5C /* Triangle.swift in Sources */ = {isa = PBXBuildFile; fileRef = B285181B1BAC3B9100135E5C /* Triangle.swift */; };
		B285181E1BAC50A000135E5C /* Guide.swift in Sources */ = {isa = PBXBuildFile; fileRef = B285181D1BAC50A000135E5C /* Guide.swift */; };
		B28518201BACE56500135E5C /* Graphic.swift in Sources */ = {isa = PBXBuildFile; fileRef = B285181F1BACE56500135E5C /* Graphic.swift */; };
		B28518361BB782EE00135E5C /* Rectangle.swift in Sources */ = {isa = PBXBuildFile; fileRef = B28518351BB782EE00135E5C /* Rectangle.swift */; };
		B28518391BB786E100135E5C /* Line.swift in Sources */ = {isa = PBXBuildFile; fileRef = B28518381BB786E100135E5C /* Line.swift */; };
		B28595211CA422C6008C34F7 /* Outline.swift in Sources */ = {isa = PBXBuildFile; fileRef = B28595201CA422C6008C34F7 /* Outline.swift */; };
		B28C92AE1B5508C900A6DF28 /* AppDelegate.swift in Sources */ = {isa = PBXBuildFile; fileRef = B28C92AD1B5508C900A6DF28 /* AppDelegate.swift */; };
		B28C92B01B5508C900A6DF28 /* ViewController.swift in Sources */ = {isa = PBXBuildFile; fileRef = B28C92AF1B5508C900A6DF28 /* ViewController.swift */; };
		B28C92B21B5508C900A6DF28 /* Document.swift in Sources */ = {isa = PBXBuildFile; fileRef = B28C92B11B5508C900A6DF28 /* Document.swift */; };
		B28C92B41B5508C900A6DF28 /* Images.xcassets in Resources */ = {isa = PBXBuildFile; fileRef = B28C92B31B5508C900A6DF28 /* Images.xcassets */; };
		B28C92B71B5508C900A6DF28 /* Main.storyboard in Resources */ = {isa = PBXBuildFile; fileRef = B28C92B51B5508C900A6DF28 /* Main.storyboard */; };
		B28C92C31B5508C900A6DF28 /* PropertyTests.swift in Sources */ = {isa = PBXBuildFile; fileRef = B28C92C21B5508C900A6DF28 /* PropertyTests.swift */; };
		B28C92CD1B55092900A6DF28 /* Canvas.swift in Sources */ = {isa = PBXBuildFile; fileRef = B28C92CC1B55092900A6DF28 /* Canvas.swift */; };
		B28C92CF1B5509AA00A6DF28 /* Properties.swift in Sources */ = {isa = PBXBuildFile; fileRef = B28C92CE1B5509AA00A6DF28 /* Properties.swift */; };
		B28C92D11B55137400A6DF28 /* SourceContent.swift in Sources */ = {isa = PBXBuildFile; fileRef = B28C92D01B55137400A6DF28 /* SourceContent.swift */; };
		B28C92D31B55141900A6DF28 /* Transforms.swift in Sources */ = {isa = PBXBuildFile; fileRef = B28C92D21B55141900A6DF28 /* Transforms.swift */; };
		B28C92D51B551F6900A6DF28 /* StateViewController.swift in Sources */ = {isa = PBXBuildFile; fileRef = B28C92D41B551F6900A6DF28 /* StateViewController.swift */; };
		B28C92D71B5545CB00A6DF28 /* ExampleContent.swift in Sources */ = {isa = PBXBuildFile; fileRef = B28C92D61B5545CB00A6DF28 /* ExampleContent.swift */; };
		B29C43421B8205090084F6AA /* ShapeTools.swift in Sources */ = {isa = PBXBuildFile; fileRef = B29C43411B8205090084F6AA /* ShapeTools.swift */; };
		B29C43471B99B6280084F6AA /* ContentListViewController.swift in Sources */ = {isa = PBXBuildFile; fileRef = B29C43461B99B6280084F6AA /* ContentListViewController.swift */; };
		B29C43491B99C5A20084F6AA /* ControllerTypes.swift in Sources */ = {isa = PBXBuildFile; fileRef = B29C43481B99C5A20084F6AA /* ControllerTypes.swift */; };
		B29C434D1B9A75AD0084F6AA /* Responder.swift in Sources */ = {isa = PBXBuildFile; fileRef = B29C434C1B9A75AD0084F6AA /* Responder.swift */; };
		B29C434F1B9A791F0084F6AA /* MainWindowController.swift in Sources */ = {isa = PBXBuildFile; fileRef = B29C434E1B9A791F0084F6AA /* MainWindowController.swift */; };
		B29C43511B9C3F510084F6AA /* CanvasTool.swift in Sources */ = {isa = PBXBuildFile; fileRef = B29C43501B9C3F510084F6AA /* CanvasTool.swift */; };
		B29C43561B9C40800084F6AA /* NSEventAdditions.swift in Sources */ = {isa = PBXBuildFile; fileRef = B29C43551B9C40800084F6AA /* NSEventAdditions.swift */; };
		B29C43581B9C41F20084F6AA /* ElementAlteration.swift in Sources */ = {isa = PBXBuildFile; fileRef = B29C43571B9C41F20084F6AA /* ElementAlteration.swift */; };
		B29C435A1B9C4BB20084F6AA /* ComponentProperties.storyboard in Resources */ = {isa = PBXBuildFile; fileRef = B29C43591B9C4BB20084F6AA /* ComponentProperties.storyboard */; };
		B29C435F1B9C53B40084F6AA /* Dictionary.swift in Sources */ = {isa = PBXBuildFile; fileRef = B29C435E1B9C53B40084F6AA /* Dictionary.swift */; };
		B29C43611BA199850084F6AA /* DimensionTypes.swift in Sources */ = {isa = PBXBuildFile; fileRef = B29C43601BA199850084F6AA /* DimensionTypes.swift */; };
		B29C43651BA2F87E0084F6AA /* Fields.swift in Sources */ = {isa = PBXBuildFile; fileRef = B29C43641BA2F87E0084F6AA /* Fields.swift */; };
		B2A442041C5A34F200A911D8 /* CatalogSourceType.swift in Sources */ = {isa = PBXBuildFile; fileRef = B2A442031C5A34F200A911D8 /* CatalogSourceType.swift */; };
		B2A9F5BD1B76D0D40046EBE9 /* Components.swift in Sources */ = {isa = PBXBuildFile; fileRef = B2A9F5BC1B76D0D40046EBE9 /* Components.swift */; };
		B2AE81991CB5515D00548686 /* RepeatingSequence.swift in Sources */ = {isa = PBXBuildFile; fileRef = B2AE81981CB5515D00548686 /* RepeatingSequence.swift */; };
		B2AE819E1CB55BD800548686 /* DimensionSequence.swift in Sources */ = {isa = PBXBuildFile; fileRef = B2AE819D1CB55BD800548686 /* DimensionSequence.swift */; };
		B2AE81A01CB561BE00548686 /* SpanDivision.swift in Sources */ = {isa = PBXBuildFile; fileRef = B2AE819F1CB561BE00548686 /* SpanDivision.swift */; };
		B2AE81A31CB6352200548686 /* ListUI.swift in Sources */ = {isa = PBXBuildFile; fileRef = B2AE81A21CB6352200548686 /* ListUI.swift */; };
		B2AE81A51CB63A4E00548686 /* Pasteboard.swift in Sources */ = {isa = PBXBuildFile; fileRef = B2AE81A41CB63A4E00548686 /* Pasteboard.swift */; };
		B2AE81A71CB642CA00548686 /* SectionListUI.swift in Sources */ = {isa = PBXBuildFile; fileRef = B2AE81A61CB642CA00548686 /* SectionListUI.swift */; };
		B2B717DD1BE0DF8E00D3E7B1 /* ToolsMenu.swift in Sources */ = {isa = PBXBuildFile; fileRef = B2B717DC1BE0DF8E00D3E7B1 /* ToolsMenu.swift */; };
		B2B717E01BE0E02000D3E7B1 /* BurntCocoaUI.framework in Frameworks */ = {isa = PBXBuildFile; fileRef = B2B717DE1BE0E02000D3E7B1 /* BurntCocoaUI.framework */; };
		B2B717E11BE0E02000D3E7B1 /* BurntFoundation.framework in Frameworks */ = {isa = PBXBuildFile; fileRef = B2B717DF1BE0E02000D3E7B1 /* BurntFoundation.framework */; };
		B2B717E41BE0E11600D3E7B1 /* CanvasToolIdentifier.swift in Sources */ = {isa = PBXBuildFile; fileRef = B2B717E31BE0E11600D3E7B1 /* CanvasToolIdentifier.swift */; };
		B2B717E61BE0F85400D3E7B1 /* BurntCocoaUI.framework in CopyFiles */ = {isa = PBXBuildFile; fileRef = B2B717DE1BE0E02000D3E7B1 /* BurntCocoaUI.framework */; settings = {ATTRIBUTES = (CodeSignOnCopy, RemoveHeadersOnCopy, ); }; };
		B2B717E71BE0F85400D3E7B1 /* BurntFoundation.framework in CopyFiles */ = {isa = PBXBuildFile; fileRef = B2B717DF1BE0E02000D3E7B1 /* BurntFoundation.framework */; settings = {ATTRIBUTES = (CodeSignOnCopy, RemoveHeadersOnCopy, ); }; };
		B2B717F21BED8BB800D3E7B1 /* GuideSheet.swift in Sources */ = {isa = PBXBuildFile; fileRef = B2B717F11BED8BB800D3E7B1 /* GuideSheet.swift */; };
		B2B717F41BF3665600D3E7B1 /* Quad.swift in Sources */ = {isa = PBXBuildFile; fileRef = B2B717F31BF3665600D3E7B1 /* Quad.swift */; };
		B2B944141CAA5F34005956A9 /* Section.swift in Sources */ = {isa = PBXBuildFile; fileRef = B2B944131CAA5F34005956A9 /* Section.swift */; };
		B2B944161CAA7265005956A9 /* ElementList.swift in Sources */ = {isa = PBXBuildFile; fileRef = B2B944151CAA7265005956A9 /* ElementList.swift */; };
		B2BEDB421CA63CB000AEC780 /* Scenario.swift in Sources */ = {isa = PBXBuildFile; fileRef = B2BEDB411CA63CB000AEC780 /* Scenario.swift */; };
		B2CDE7941C6204AC00DED502 /* KindType.swift in Sources */ = {isa = PBXBuildFile; fileRef = B2CDE7931C6204AC00DED502 /* KindType.swift */; };
		B2D40B0C1BC117B2001ACEBF /* CanvasLayer.swift in Sources */ = {isa = PBXBuildFile; fileRef = B2D40B0B1BC117B2001ACEBF /* CanvasLayer.swift */; };
		B2D40B0E1BC120A9001ACEBF /* Designation.swift in Sources */ = {isa = PBXBuildFile; fileRef = B2D40B0D1BC120A9001ACEBF /* Designation.swift */; };
		B2D40B101BC143FA001ACEBF /* State.swift in Sources */ = {isa = PBXBuildFile; fileRef = B2D40B0F1BC143FA001ACEBF /* State.swift */; };
		B2D40B121BC14963001ACEBF /* JSONDecoding.swift in Sources */ = {isa = PBXBuildFile; fileRef = B2D40B111BC14963001ACEBF /* JSONDecoding.swift */; };
		B2D40B151BC296EC001ACEBF /* MoveTool.swift in Sources */ = {isa = PBXBuildFile; fileRef = B2D40B141BC296EC001ACEBF /* MoveTool.swift */; };
		B2D40B171BC298B1001ACEBF /* NSGestureRecognizer.swift in Sources */ = {isa = PBXBuildFile; fileRef = B2D40B161BC298B1001ACEBF /* NSGestureRecognizer.swift */; };
		B2D40B191BC2A9B8001ACEBF /* LayerProducing.swift in Sources */ = {isa = PBXBuildFile; fileRef = B2D40B181BC2A9B8001ACEBF /* LayerProducing.swift */; };
		B2D40B1B1BCD1AF4001ACEBF /* Layer.swift in Sources */ = {isa = PBXBuildFile; fileRef = B2D40B1A1BCD1AF4001ACEBF /* Layer.swift */; };
		B2D40B231BD3BAB2001ACEBF /* ElementSourceType.swift in Sources */ = {isa = PBXBuildFile; fileRef = B2D40B221BD3BAB2001ACEBF /* ElementSourceType.swift */; };
		B2D40B251BD3C108001ACEBF /* React.swift in Sources */ = {isa = PBXBuildFile; fileRef = B2D40B241BD3C108001ACEBF /* React.swift */; };
		B2D40B271BD3C66B001ACEBF /* ReactJSTests.swift in Sources */ = {isa = PBXBuildFile; fileRef = B2D40B261BD3C66B001ACEBF /* ReactJSTests.swift */; };
		B2D40B291BD3CBA3001ACEBF /* JSModule.swift in Sources */ = {isa = PBXBuildFile; fileRef = B2D40B281BD3CBA3001ACEBF /* JSModule.swift */; };
		B2D40B8A1BD756F2001ACEBF /* ShapeTool.swift in Sources */ = {isa = PBXBuildFile; fileRef = B2D40B891BD756F2001ACEBF /* ShapeTool.swift */; };
		B2DB55691CA02A7B00F89072 /* OutlinerViewController.swift in Sources */ = {isa = PBXBuildFile; fileRef = B2DB55681CA02A7B00F89072 /* OutlinerViewController.swift */; };
		B2E001741C56F19700695916 /* JSONProtocols.swift in Sources */ = {isa = PBXBuildFile; fileRef = B2E001731C56F19700695916 /* JSONProtocols.swift */; };
		B2E001761C570D7A00695916 /* JSON+Foundation.swift in Sources */ = {isa = PBXBuildFile; fileRef = B2E001751C570D7A00695916 /* JSON+Foundation.swift */; };
		B2E001781C57117000695916 /* JSON+Swift.swift in Sources */ = {isa = PBXBuildFile; fileRef = B2E001771C57117000695916 /* JSON+Swift.swift */; };
		B2E110D31C1D90EA00CC0106 /* PropertyExtraction.swift in Sources */ = {isa = PBXBuildFile; fileRef = B2E110D21C1D90EA00CC0106 /* PropertyExtraction.swift */; };
		B2E110D61C1D933100CC0106 /* PropertiesSourceType.swift in Sources */ = {isa = PBXBuildFile; fileRef = B2E110D51C1D933100CC0106 /* PropertiesSourceType.swift */; };
/* End PBXBuildFile section */

/* Begin PBXContainerItemProxy section */
		B28C92BD1B5508C900A6DF28 /* PBXContainerItemProxy */ = {
			isa = PBXContainerItemProxy;
			containerPortal = B28C92A01B5508C900A6DF28 /* Project object */;
			proxyType = 1;
			remoteGlobalIDString = B28C92A71B5508C900A6DF28;
			remoteInfo = Chassis;
		};
/* End PBXContainerItemProxy section */

/* Begin PBXCopyFilesBuildPhase section */
		B2B717E51BE0F82D00D3E7B1 /* CopyFiles */ = {
			isa = PBXCopyFilesBuildPhase;
			buildActionMask = 2147483647;
			dstPath = "";
			dstSubfolderSpec = 10;
			files = (
				B26428441C097EB000EEB259 /* Alamofire.framework in CopyFiles */,
				B2B717E61BE0F85400D3E7B1 /* BurntCocoaUI.framework in CopyFiles */,
				B2B717E71BE0F85400D3E7B1 /* BurntFoundation.framework in CopyFiles */,
			);
			runOnlyForDeploymentPostprocessing = 0;
		};
/* End PBXCopyFilesBuildPhase section */

/* Begin PBXFileReference section */
		B209DE461C3D22CE00BA416C /* Catalog.swift */ = {isa = PBXFileReference; fileEncoding = 4; lastKnownFileType = sourcecode.swift; path = Catalog.swift; sourceTree = "<group>"; };
		B209DE4A1C3E83F900BA416C /* Work.swift */ = {isa = PBXFileReference; fileEncoding = 4; lastKnownFileType = sourcecode.swift; path = Work.swift; sourceTree = "<group>"; };
		B209DE4C1C43C07E00BA416C /* UndoCommand.swift */ = {isa = PBXFileReference; fileEncoding = 4; lastKnownFileType = sourcecode.swift; path = UndoCommand.swift; sourceTree = "<group>"; };
		B220E6671BF808DA00C3F51B /* ComponentProducer.swift */ = {isa = PBXFileReference; fileEncoding = 4; lastKnownFileType = sourcecode.swift; path = ComponentProducer.swift; sourceTree = "<group>"; };
		B220E6691BF8095B00C3F51B /* RectangleProducer.swift */ = {isa = PBXFileReference; fileEncoding = 4; lastKnownFileType = sourcecode.swift; path = RectangleProducer.swift; sourceTree = "<group>"; };
		B23D64A21C5A3E7E0032B72B /* ShapeStyle.swift */ = {isa = PBXFileReference; fileEncoding = 4; lastKnownFileType = sourcecode.swift; path = ShapeStyle.swift; sourceTree = "<group>"; };
		B23E7F971BD98350008460C8 /* ComponentControllerType+Cocoa.swift */ = {isa = PBXFileReference; fileEncoding = 4; lastKnownFileType = sourcecode.swift; path = "ComponentControllerType+Cocoa.swift"; sourceTree = "<group>"; };
		B249AB8E1CA7BD88006AAA42 /* IndexDisplay.swift */ = {isa = PBXFileReference; fileEncoding = 4; lastKnownFileType = sourcecode.swift; path = IndexDisplay.swift; sourceTree = "<group>"; };
		B26428391C0738BC00EEB259 /* Cartfile */ = {isa = PBXFileReference; fileEncoding = 4; lastKnownFileType = text; path = Cartfile; sourceTree = "<group>"; };
		B264283B1C0978AF00EEB259 /* ImageLoader.swift */ = {isa = PBXFileReference; fileEncoding = 4; lastKnownFileType = sourcecode.swift; path = ImageLoader.swift; sourceTree = "<group>"; };
		B264283D1C0978C800EEB259 /* ImageGraphic.swift */ = {isa = PBXFileReference; fileEncoding = 4; lastKnownFileType = sourcecode.swift; path = ImageGraphic.swift; sourceTree = "<group>"; };
		B26428401C09793F00EEB259 /* ImageSource.swift */ = {isa = PBXFileReference; fileEncoding = 4; lastKnownFileType = sourcecode.swift; path = ImageSource.swift; sourceTree = "<group>"; };
		B26428421C097E9E00EEB259 /* Alamofire.framework */ = {isa = PBXFileReference; lastKnownFileType = wrapper.framework; name = Alamofire.framework; path = Carthage/Build/Mac/Alamofire.framework; sourceTree = "<group>"; };
		B26428451C09A1DB00EEB259 /* ComponentSelection.swift */ = {isa = PBXFileReference; fileEncoding = 4; lastKnownFileType = sourcecode.swift; path = ComponentSelection.swift; sourceTree = "<group>"; };
		B26428471C09A65100EEB259 /* GraphicSheet.swift */ = {isa = PBXFileReference; fileEncoding = 4; lastKnownFileType = sourcecode.swift; path = GraphicSheet.swift; sourceTree = "<group>"; };
		B26428491C09BE2A00EEB259 /* ComponentKind.swift */ = {isa = PBXFileReference; fileEncoding = 4; lastKnownFileType = sourcecode.swift; path = ComponentKind.swift; sourceTree = "<group>"; };
		B264284B1C0A647D00EEB259 /* GuideTransform.swift */ = {isa = PBXFileReference; fileEncoding = 4; lastKnownFileType = sourcecode.swift; path = GuideTransform.swift; sourceTree = "<group>"; };
		B264284D1C0AB4A200EEB259 /* ElementType.swift */ = {isa = PBXFileReference; fileEncoding = 4; lastKnownFileType = sourcecode.swift; path = ElementType.swift; sourceTree = "<group>"; };
		B264284F1C0AB6F300EEB259 /* CatalogReference.swift */ = {isa = PBXFileReference; fileEncoding = 4; lastKnownFileType = sourcecode.swift; path = CatalogReference.swift; sourceTree = "<group>"; };
		B26428511C0ABE0F00EEB259 /* AlterationType.swift */ = {isa = PBXFileReference; fileEncoding = 4; lastKnownFileType = sourcecode.swift; path = AlterationType.swift; sourceTree = "<group>"; };
		B26428551C12B61000EEB259 /* Shape.swift */ = {isa = PBXFileReference; fileEncoding = 4; lastKnownFileType = sourcecode.swift; path = Shape.swift; sourceTree = "<group>"; };
		B26ADEC01C8EEEB10097B259 /* DocumentState.swift */ = {isa = PBXFileReference; fileEncoding = 4; lastKnownFileType = sourcecode.swift; path = DocumentState.swift; sourceTree = "<group>"; };
		B27D8D2A1C517D2D003F1ABD /* GeometricSequence.swift */ = {isa = PBXFileReference; fileEncoding = 4; lastKnownFileType = sourcecode.swift; path = GeometricSequence.swift; sourceTree = "<group>"; };
		B27D8D2C1C532D4F003F1ABD /* Element.storyboard */ = {isa = PBXFileReference; fileEncoding = 4; lastKnownFileType = file.storyboard; path = Element.storyboard; sourceTree = "<group>"; };
		B27D8D2F1C53A494003F1ABD /* AddToCatalogViewController.swift */ = {isa = PBXFileReference; fileEncoding = 4; lastKnownFileType = sourcecode.swift; path = AddToCatalogViewController.swift; sourceTree = "<group>"; };
		B27D8D311C544F03003F1ABD /* PopoverController.swift */ = {isa = PBXFileReference; fileEncoding = 4; lastKnownFileType = sourcecode.swift; path = PopoverController.swift; sourceTree = "<group>"; };
		B27D8D331C5452AB003F1ABD /* CatalogListViewController.swift */ = {isa = PBXFileReference; fileEncoding = 4; lastKnownFileType = sourcecode.swift; path = CatalogListViewController.swift; sourceTree = "<group>"; };
		B27D8D3B1C54E5ED003F1ABD /* JSON.swift */ = {isa = PBXFileReference; fileEncoding = 4; lastKnownFileType = sourcecode.swift; name = JSON.swift; path = Libraries/JSON/Sources/JSON.swift; sourceTree = "<group>"; };
		B27D8D3C1C54E5ED003F1ABD /* JSONParseError.swift */ = {isa = PBXFileReference; fileEncoding = 4; lastKnownFileType = sourcecode.swift; name = JSONParseError.swift; path = Libraries/JSON/Sources/JSONParseError.swift; sourceTree = "<group>"; };
		B27D8D3D1C54E5ED003F1ABD /* JSONParser.swift */ = {isa = PBXFileReference; fileEncoding = 4; lastKnownFileType = sourcecode.swift; name = JSONParser.swift; path = Libraries/JSON/Sources/JSONParser.swift; sourceTree = "<group>"; };
		B27D8D3E1C54E5ED003F1ABD /* JSONSerializer.swift */ = {isa = PBXFileReference; fileEncoding = 4; lastKnownFileType = sourcecode.swift; name = JSONSerializer.swift; path = Libraries/JSON/Sources/JSONSerializer.swift; sourceTree = "<group>"; };
		B27FB64C1C350BCA00DA7F00 /* ElementReference.swift */ = {isa = PBXFileReference; fileEncoding = 4; lastKnownFileType = sourcecode.swift; path = ElementReference.swift; sourceTree = "<group>"; };
		B27FB64E1C35168700DA7F00 /* AnyElement.swift */ = {isa = PBXFileReference; fileEncoding = 4; lastKnownFileType = sourcecode.swift; path = AnyElement.swift; sourceTree = "<group>"; };
		B27FB6501C36907D00DA7F00 /* Grid.swift */ = {isa = PBXFileReference; fileEncoding = 4; lastKnownFileType = sourcecode.swift; path = Grid.swift; sourceTree = "<group>"; };
		B27FB6521C369DAA00DA7F00 /* GroupElementType.swift */ = {isa = PBXFileReference; fileEncoding = 4; lastKnownFileType = sourcecode.swift; path = GroupElementType.swift; sourceTree = "<group>"; };
		B27FB6541C37A88D00DA7F00 /* ShapeGraphic.swift */ = {isa = PBXFileReference; fileEncoding = 4; lastKnownFileType = sourcecode.swift; path = ShapeGraphic.swift; sourceTree = "<group>"; };
		B27FB6561C37BD5C00DA7F00 /* ShapeGroup.swift */ = {isa = PBXFileReference; fileEncoding = 4; lastKnownFileType = sourcecode.swift; path = ShapeGroup.swift; sourceTree = "<group>"; };
		B27FB6581C37C60700DA7F00 /* FreeformGraphicGroup.swift */ = {isa = PBXFileReference; fileEncoding = 4; lastKnownFileType = sourcecode.swift; path = FreeformGraphicGroup.swift; sourceTree = "<group>"; };
		B27FB65A1C37C72600DA7F00 /* Mark.swift */ = {isa = PBXFileReference; fileEncoding = 4; lastKnownFileType = sourcecode.swift; path = Mark.swift; sourceTree = "<group>"; };
		B2800A1B1C4A10E900BE3874 /* FreeformGraphic.swift */ = {isa = PBXFileReference; fileEncoding = 4; lastKnownFileType = sourcecode.swift; path = FreeformGraphic.swift; sourceTree = "<group>"; };
		B2800A251C4A777000BE3874 /* Text.swift */ = {isa = PBXFileReference; fileEncoding = 4; lastKnownFileType = sourcecode.swift; path = Text.swift; sourceTree = "<group>"; };
		B2800A271C502C9E00BE3874 /* CombinedCatalog.swift */ = {isa = PBXFileReference; fileEncoding = 4; lastKnownFileType = sourcecode.swift; path = CombinedCatalog.swift; sourceTree = "<group>"; };
		B2800A291C50DDEB00BE3874 /* Color.swift */ = {isa = PBXFileReference; fileEncoding = 4; lastKnownFileType = sourcecode.swift; path = Color.swift; sourceTree = "<group>"; };
		B285181B1BAC3B9100135E5C /* Triangle.swift */ = {isa = PBXFileReference; fileEncoding = 4; lastKnownFileType = sourcecode.swift; path = Triangle.swift; sourceTree = "<group>"; };
		B285181D1BAC50A000135E5C /* Guide.swift */ = {isa = PBXFileReference; fileEncoding = 4; lastKnownFileType = sourcecode.swift; path = Guide.swift; sourceTree = "<group>"; };
		B285181F1BACE56500135E5C /* Graphic.swift */ = {isa = PBXFileReference; fileEncoding = 4; lastKnownFileType = sourcecode.swift; path = Graphic.swift; sourceTree = "<group>"; };
		B28518351BB782EE00135E5C /* Rectangle.swift */ = {isa = PBXFileReference; fileEncoding = 4; lastKnownFileType = sourcecode.swift; path = Rectangle.swift; sourceTree = "<group>"; };
		B28518381BB786E100135E5C /* Line.swift */ = {isa = PBXFileReference; fileEncoding = 4; lastKnownFileType = sourcecode.swift; path = Line.swift; sourceTree = "<group>"; };
		B28595201CA422C6008C34F7 /* Outline.swift */ = {isa = PBXFileReference; fileEncoding = 4; lastKnownFileType = sourcecode.swift; path = Outline.swift; sourceTree = "<group>"; };
		B28C92A81B5508C900A6DF28 /* Chassis.app */ = {isa = PBXFileReference; explicitFileType = wrapper.application; includeInIndex = 0; path = Chassis.app; sourceTree = BUILT_PRODUCTS_DIR; };
		B28C92AC1B5508C900A6DF28 /* Info.plist */ = {isa = PBXFileReference; lastKnownFileType = text.plist.xml; path = Info.plist; sourceTree = "<group>"; };
		B28C92AD1B5508C900A6DF28 /* AppDelegate.swift */ = {isa = PBXFileReference; lastKnownFileType = sourcecode.swift; path = AppDelegate.swift; sourceTree = "<group>"; };
		B28C92AF1B5508C900A6DF28 /* ViewController.swift */ = {isa = PBXFileReference; lastKnownFileType = sourcecode.swift; path = ViewController.swift; sourceTree = "<group>"; };
		B28C92B11B5508C900A6DF28 /* Document.swift */ = {isa = PBXFileReference; lastKnownFileType = sourcecode.swift; path = Document.swift; sourceTree = "<group>"; };
		B28C92B31B5508C900A6DF28 /* Images.xcassets */ = {isa = PBXFileReference; lastKnownFileType = folder.assetcatalog; path = Images.xcassets; sourceTree = "<group>"; };
		B28C92B61B5508C900A6DF28 /* Base */ = {isa = PBXFileReference; lastKnownFileType = file.storyboard; name = Base; path = Base.lproj/Main.storyboard; sourceTree = "<group>"; };
		B28C92BC1B5508C900A6DF28 /* ChassisTests.xctest */ = {isa = PBXFileReference; explicitFileType = wrapper.cfbundle; includeInIndex = 0; path = ChassisTests.xctest; sourceTree = BUILT_PRODUCTS_DIR; };
		B28C92C11B5508C900A6DF28 /* Info.plist */ = {isa = PBXFileReference; lastKnownFileType = text.plist.xml; path = Info.plist; sourceTree = "<group>"; };
		B28C92C21B5508C900A6DF28 /* PropertyTests.swift */ = {isa = PBXFileReference; lastKnownFileType = sourcecode.swift; path = PropertyTests.swift; sourceTree = "<group>"; };
		B28C92CC1B55092900A6DF28 /* Canvas.swift */ = {isa = PBXFileReference; fileEncoding = 4; lastKnownFileType = sourcecode.swift; path = Canvas.swift; sourceTree = "<group>"; };
		B28C92CE1B5509AA00A6DF28 /* Properties.swift */ = {isa = PBXFileReference; fileEncoding = 4; lastKnownFileType = sourcecode.swift; path = Properties.swift; sourceTree = "<group>"; };
		B28C92D01B55137400A6DF28 /* SourceContent.swift */ = {isa = PBXFileReference; fileEncoding = 4; lastKnownFileType = sourcecode.swift; path = SourceContent.swift; sourceTree = "<group>"; };
		B28C92D21B55141900A6DF28 /* Transforms.swift */ = {isa = PBXFileReference; fileEncoding = 4; lastKnownFileType = sourcecode.swift; path = Transforms.swift; sourceTree = "<group>"; };
		B28C92D41B551F6900A6DF28 /* StateViewController.swift */ = {isa = PBXFileReference; fileEncoding = 4; lastKnownFileType = sourcecode.swift; path = StateViewController.swift; sourceTree = "<group>"; };
		B28C92D61B5545CB00A6DF28 /* ExampleContent.swift */ = {isa = PBXFileReference; fileEncoding = 4; lastKnownFileType = sourcecode.swift; path = ExampleContent.swift; sourceTree = "<group>"; };
		B29C43411B8205090084F6AA /* ShapeTools.swift */ = {isa = PBXFileReference; fileEncoding = 4; lastKnownFileType = sourcecode.swift; path = ShapeTools.swift; sourceTree = "<group>"; };
		B29C43461B99B6280084F6AA /* ContentListViewController.swift */ = {isa = PBXFileReference; fileEncoding = 4; lastKnownFileType = sourcecode.swift; path = ContentListViewController.swift; sourceTree = "<group>"; };
		B29C43481B99C5A20084F6AA /* ControllerTypes.swift */ = {isa = PBXFileReference; fileEncoding = 4; lastKnownFileType = sourcecode.swift; path = ControllerTypes.swift; sourceTree = "<group>"; };
		B29C434C1B9A75AD0084F6AA /* Responder.swift */ = {isa = PBXFileReference; fileEncoding = 4; lastKnownFileType = sourcecode.swift; path = Responder.swift; sourceTree = "<group>"; };
		B29C434E1B9A791F0084F6AA /* MainWindowController.swift */ = {isa = PBXFileReference; fileEncoding = 4; lastKnownFileType = sourcecode.swift; path = MainWindowController.swift; sourceTree = "<group>"; };
		B29C43501B9C3F510084F6AA /* CanvasTool.swift */ = {isa = PBXFileReference; fileEncoding = 4; lastKnownFileType = sourcecode.swift; path = CanvasTool.swift; sourceTree = "<group>"; };
		B29C43551B9C40800084F6AA /* NSEventAdditions.swift */ = {isa = PBXFileReference; fileEncoding = 4; lastKnownFileType = sourcecode.swift; path = NSEventAdditions.swift; sourceTree = "<group>"; };
		B29C43571B9C41F20084F6AA /* ElementAlteration.swift */ = {isa = PBXFileReference; fileEncoding = 4; lastKnownFileType = sourcecode.swift; path = ElementAlteration.swift; sourceTree = "<group>"; };
		B29C43591B9C4BB20084F6AA /* ComponentProperties.storyboard */ = {isa = PBXFileReference; fileEncoding = 4; lastKnownFileType = file.storyboard; path = ComponentProperties.storyboard; sourceTree = "<group>"; };
		B29C435B1B9C4DAE0084F6AA /* ComponentProperties.swift */ = {isa = PBXFileReference; fileEncoding = 4; lastKnownFileType = sourcecode.swift; path = ComponentProperties.swift; sourceTree = "<group>"; };
		B29C435E1B9C53B40084F6AA /* Dictionary.swift */ = {isa = PBXFileReference; fileEncoding = 4; lastKnownFileType = sourcecode.swift; path = Dictionary.swift; sourceTree = "<group>"; };
		B29C43601BA199850084F6AA /* DimensionTypes.swift */ = {isa = PBXFileReference; fileEncoding = 4; lastKnownFileType = sourcecode.swift; path = DimensionTypes.swift; sourceTree = "<group>"; };
		B29C43641BA2F87E0084F6AA /* Fields.swift */ = {isa = PBXFileReference; fileEncoding = 4; lastKnownFileType = sourcecode.swift; path = Fields.swift; sourceTree = "<group>"; };
		B2A442031C5A34F200A911D8 /* CatalogSourceType.swift */ = {isa = PBXFileReference; fileEncoding = 4; lastKnownFileType = sourcecode.swift; path = CatalogSourceType.swift; sourceTree = "<group>"; };
		B2A9F5BC1B76D0D40046EBE9 /* Components.swift */ = {isa = PBXFileReference; fileEncoding = 4; lastKnownFileType = sourcecode.swift; path = Components.swift; sourceTree = "<group>"; };
		B2AE81981CB5515D00548686 /* RepeatingSequence.swift */ = {isa = PBXFileReference; fileEncoding = 4; lastKnownFileType = sourcecode.swift; path = RepeatingSequence.swift; sourceTree = "<group>"; };
		B2AE819B1CB55AF300548686 /* GraphicConstruct.swift */ = {isa = PBXFileReference; fileEncoding = 4; lastKnownFileType = sourcecode.swift; path = GraphicConstruct.swift; sourceTree = "<group>"; };
		B2AE819D1CB55BD800548686 /* DimensionSequence.swift */ = {isa = PBXFileReference; fileEncoding = 4; lastKnownFileType = sourcecode.swift; path = DimensionSequence.swift; sourceTree = "<group>"; };
		B2AE819F1CB561BE00548686 /* SpanDivision.swift */ = {isa = PBXFileReference; fileEncoding = 4; lastKnownFileType = sourcecode.swift; name = SpanDivision.swift; path = ../SpanDivision.swift; sourceTree = "<group>"; };
		B2AE81A21CB6352200548686 /* ListUI.swift */ = {isa = PBXFileReference; fileEncoding = 4; lastKnownFileType = sourcecode.swift; path = ListUI.swift; sourceTree = "<group>"; };
		B2AE81A41CB63A4E00548686 /* Pasteboard.swift */ = {isa = PBXFileReference; fileEncoding = 4; lastKnownFileType = sourcecode.swift; path = Pasteboard.swift; sourceTree = "<group>"; };
		B2AE81A61CB642CA00548686 /* SectionListUI.swift */ = {isa = PBXFileReference; fileEncoding = 4; lastKnownFileType = sourcecode.swift; path = SectionListUI.swift; sourceTree = "<group>"; };
		B2B717DC1BE0DF8E00D3E7B1 /* ToolsMenu.swift */ = {isa = PBXFileReference; fileEncoding = 4; lastKnownFileType = sourcecode.swift; path = ToolsMenu.swift; sourceTree = "<group>"; };
		B2B717DE1BE0E02000D3E7B1 /* BurntCocoaUI.framework */ = {isa = PBXFileReference; lastKnownFileType = wrapper.framework; name = BurntCocoaUI.framework; path = Carthage/Build/Mac/BurntCocoaUI.framework; sourceTree = "<group>"; };
		B2B717DF1BE0E02000D3E7B1 /* BurntFoundation.framework */ = {isa = PBXFileReference; lastKnownFileType = wrapper.framework; name = BurntFoundation.framework; path = Carthage/Build/Mac/BurntFoundation.framework; sourceTree = "<group>"; };
		B2B717E31BE0E11600D3E7B1 /* CanvasToolIdentifier.swift */ = {isa = PBXFileReference; fileEncoding = 4; lastKnownFileType = sourcecode.swift; path = CanvasToolIdentifier.swift; sourceTree = "<group>"; };
		B2B717F11BED8BB800D3E7B1 /* GuideSheet.swift */ = {isa = PBXFileReference; fileEncoding = 4; lastKnownFileType = sourcecode.swift; path = GuideSheet.swift; sourceTree = "<group>"; };
		B2B717F31BF3665600D3E7B1 /* Quad.swift */ = {isa = PBXFileReference; fileEncoding = 4; lastKnownFileType = sourcecode.swift; path = Quad.swift; sourceTree = "<group>"; };
		B2B944131CAA5F34005956A9 /* Section.swift */ = {isa = PBXFileReference; fileEncoding = 4; lastKnownFileType = sourcecode.swift; path = Section.swift; sourceTree = "<group>"; };
		B2B944151CAA7265005956A9 /* ElementList.swift */ = {isa = PBXFileReference; fileEncoding = 4; lastKnownFileType = sourcecode.swift; path = ElementList.swift; sourceTree = "<group>"; };
		B2BEDB411CA63CB000AEC780 /* Scenario.swift */ = {isa = PBXFileReference; fileEncoding = 4; lastKnownFileType = sourcecode.swift; path = Scenario.swift; sourceTree = "<group>"; };
		B2CDE7931C6204AC00DED502 /* KindType.swift */ = {isa = PBXFileReference; fileEncoding = 4; lastKnownFileType = sourcecode.swift; path = KindType.swift; sourceTree = "<group>"; };
		B2D40B0B1BC117B2001ACEBF /* CanvasLayer.swift */ = {isa = PBXFileReference; fileEncoding = 4; lastKnownFileType = sourcecode.swift; path = CanvasLayer.swift; sourceTree = "<group>"; };
		B2D40B0D1BC120A9001ACEBF /* Designation.swift */ = {isa = PBXFileReference; fileEncoding = 4; lastKnownFileType = sourcecode.swift; path = Designation.swift; sourceTree = "<group>"; };
		B2D40B0F1BC143FA001ACEBF /* State.swift */ = {isa = PBXFileReference; fileEncoding = 4; lastKnownFileType = sourcecode.swift; path = State.swift; sourceTree = "<group>"; };
		B2D40B111BC14963001ACEBF /* JSONDecoding.swift */ = {isa = PBXFileReference; fileEncoding = 4; lastKnownFileType = sourcecode.swift; path = JSONDecoding.swift; sourceTree = "<group>"; };
		B2D40B141BC296EC001ACEBF /* MoveTool.swift */ = {isa = PBXFileReference; fileEncoding = 4; lastKnownFileType = sourcecode.swift; path = MoveTool.swift; sourceTree = "<group>"; };
		B2D40B161BC298B1001ACEBF /* NSGestureRecognizer.swift */ = {isa = PBXFileReference; fileEncoding = 4; lastKnownFileType = sourcecode.swift; path = NSGestureRecognizer.swift; sourceTree = "<group>"; };
		B2D40B181BC2A9B8001ACEBF /* LayerProducing.swift */ = {isa = PBXFileReference; fileEncoding = 4; lastKnownFileType = sourcecode.swift; path = LayerProducing.swift; sourceTree = "<group>"; };
		B2D40B1A1BCD1AF4001ACEBF /* Layer.swift */ = {isa = PBXFileReference; fileEncoding = 4; lastKnownFileType = sourcecode.swift; path = Layer.swift; sourceTree = "<group>"; };
		B2D40B221BD3BAB2001ACEBF /* ElementSourceType.swift */ = {isa = PBXFileReference; fileEncoding = 4; lastKnownFileType = sourcecode.swift; path = ElementSourceType.swift; sourceTree = "<group>"; };
		B2D40B241BD3C108001ACEBF /* React.swift */ = {isa = PBXFileReference; fileEncoding = 4; lastKnownFileType = sourcecode.swift; path = React.swift; sourceTree = "<group>"; };
		B2D40B261BD3C66B001ACEBF /* ReactJSTests.swift */ = {isa = PBXFileReference; fileEncoding = 4; lastKnownFileType = sourcecode.swift; path = ReactJSTests.swift; sourceTree = "<group>"; };
		B2D40B281BD3CBA3001ACEBF /* JSModule.swift */ = {isa = PBXFileReference; fileEncoding = 4; lastKnownFileType = sourcecode.swift; path = JSModule.swift; sourceTree = "<group>"; };
		B2D40B891BD756F2001ACEBF /* ShapeTool.swift */ = {isa = PBXFileReference; fileEncoding = 4; lastKnownFileType = sourcecode.swift; path = ShapeTool.swift; sourceTree = "<group>"; };
		B2DB55681CA02A7B00F89072 /* OutlinerViewController.swift */ = {isa = PBXFileReference; fileEncoding = 4; lastKnownFileType = sourcecode.swift; path = OutlinerViewController.swift; sourceTree = "<group>"; };
		B2E001731C56F19700695916 /* JSONProtocols.swift */ = {isa = PBXFileReference; fileEncoding = 4; lastKnownFileType = sourcecode.swift; path = JSONProtocols.swift; sourceTree = "<group>"; };
		B2E001751C570D7A00695916 /* JSON+Foundation.swift */ = {isa = PBXFileReference; fileEncoding = 4; lastKnownFileType = sourcecode.swift; path = "JSON+Foundation.swift"; sourceTree = "<group>"; };
		B2E001771C57117000695916 /* JSON+Swift.swift */ = {isa = PBXFileReference; fileEncoding = 4; lastKnownFileType = sourcecode.swift; path = "JSON+Swift.swift"; sourceTree = "<group>"; };
		B2E110D21C1D90EA00CC0106 /* PropertyExtraction.swift */ = {isa = PBXFileReference; fileEncoding = 4; lastKnownFileType = sourcecode.swift; path = PropertyExtraction.swift; sourceTree = "<group>"; };
		B2E110D51C1D933100CC0106 /* PropertiesSourceType.swift */ = {isa = PBXFileReference; fileEncoding = 4; lastKnownFileType = sourcecode.swift; path = PropertiesSourceType.swift; sourceTree = "<group>"; };
/* End PBXFileReference section */

/* Begin PBXFrameworksBuildPhase section */
		B28C92A51B5508C900A6DF28 /* Frameworks */ = {
			isa = PBXFrameworksBuildPhase;
			buildActionMask = 2147483647;
			files = (
				B2B717E01BE0E02000D3E7B1 /* BurntCocoaUI.framework in Frameworks */,
				B26428431C097E9E00EEB259 /* Alamofire.framework in Frameworks */,
				B2B717E11BE0E02000D3E7B1 /* BurntFoundation.framework in Frameworks */,
			);
			runOnlyForDeploymentPostprocessing = 0;
		};
		B28C92B91B5508C900A6DF28 /* Frameworks */ = {
			isa = PBXFrameworksBuildPhase;
			buildActionMask = 2147483647;
			files = (
			);
			runOnlyForDeploymentPostprocessing = 0;
		};
/* End PBXFrameworksBuildPhase section */

/* Begin PBXGroup section */
		B209DE481C3E528C00BA416C /* Designations */ = {
			isa = PBXGroup;
			children = (
				B2D40B0D1BC120A9001ACEBF /* Designation.swift */,
				B249AB8E1CA7BD88006AAA42 /* IndexDisplay.swift */,
			);
			name = Designations;
			sourceTree = "<group>";
		};
		B209DE491C3E83EC00BA416C /* Work */ = {
			isa = PBXGroup;
			children = (
				B28595201CA422C6008C34F7 /* Outline.swift */,
				B2B944131CAA5F34005956A9 /* Section.swift */,
				B2BEDB411CA63CB000AEC780 /* Scenario.swift */,
				B209DE4A1C3E83F900BA416C /* Work.swift */,
			);
			name = Work;
			sourceTree = "<group>";
		};
		B220E66B1BF8132C00C3F51B /* Catalog */ = {
			isa = PBXGroup;
			children = (
				B264284F1C0AB6F300EEB259 /* CatalogReference.swift */,
				B209DE461C3D22CE00BA416C /* Catalog.swift */,
				B2800A271C502C9E00BE3874 /* CombinedCatalog.swift */,
				B2A442031C5A34F200A911D8 /* CatalogSourceType.swift */,
			);
			name = Catalog;
			sourceTree = "<group>";
		};
		B220E66C1BF8133400C3F51B /* Nested */ = {
			isa = PBXGroup;
			children = (
				B220E6671BF808DA00C3F51B /* ComponentProducer.swift */,
				B220E6691BF8095B00C3F51B /* RectangleProducer.swift */,
			);
			name = Nested;
			sourceTree = "<group>";
		};
		B220E66D1BF8134A00C3F51B /* Guides */ = {
			isa = PBXGroup;
			children = (
				B285181D1BAC50A000135E5C /* Guide.swift */,
				B27FB6501C36907D00DA7F00 /* Grid.swift */,
			);
			name = Guides;
			sourceTree = "<group>";
		};
		B264283F1C09793100EEB259 /* Images */ = {
			isa = PBXGroup;
			children = (
				B26428401C09793F00EEB259 /* ImageSource.swift */,
				B264283B1C0978AF00EEB259 /* ImageLoader.swift */,
			);
			name = Images;
			sourceTree = "<group>";
		};
		B2729E7D1C3A8FB0009B2491 /* Base */ = {
			isa = PBXGroup;
			children = (
				B29C43481B99C5A20084F6AA /* ControllerTypes.swift */,
				B26ADEC01C8EEEB10097B259 /* DocumentState.swift */,
				B28C92B11B5508C900A6DF28 /* Document.swift */,
				B209DE4C1C43C07E00BA416C /* UndoCommand.swift */,
				B29C434E1B9A791F0084F6AA /* MainWindowController.swift */,
				B27D8D311C544F03003F1ABD /* PopoverController.swift */,
				B28C92AF1B5508C900A6DF28 /* ViewController.swift */,
				B23E7F971BD98350008460C8 /* ComponentControllerType+Cocoa.swift */,
				B28C92D41B551F6900A6DF28 /* StateViewController.swift */,
				B2AE81A41CB63A4E00548686 /* Pasteboard.swift */,
				B2AE81A21CB6352200548686 /* ListUI.swift */,
			);
			name = Base;
			sourceTree = "<group>";
		};
		B2729E7E1C3A8FBE009B2491 /* Base */ = {
			isa = PBXGroup;
			children = (
				B2CDE7931C6204AC00DED502 /* KindType.swift */,
				B29C43601BA199850084F6AA /* DimensionTypes.swift */,
				B26428491C09BE2A00EEB259 /* ComponentKind.swift */,
				B26428511C0ABE0F00EEB259 /* AlterationType.swift */,
				B264284D1C0AB4A200EEB259 /* ElementType.swift */,
				B2B944151CAA7265005956A9 /* ElementList.swift */,
				B27FB6521C369DAA00DA7F00 /* GroupElementType.swift */,
				B27FB64C1C350BCA00DA7F00 /* ElementReference.swift */,
				B27FB64E1C35168700DA7F00 /* AnyElement.swift */,
				B2D40B221BD3BAB2001ACEBF /* ElementSourceType.swift */,
				B28C92D01B55137400A6DF28 /* SourceContent.swift */,
				B2D40B181BC2A9B8001ACEBF /* LayerProducing.swift */,
				B29C43571B9C41F20084F6AA /* ElementAlteration.swift */,
			);
			name = Base;
			sourceTree = "<group>";
		};
		B27D8D2E1C53A43D003F1ABD /* Element UI */ = {
			isa = PBXGroup;
			children = (
				B27D8D2C1C532D4F003F1ABD /* Element.storyboard */,
				B2AE81A61CB642CA00548686 /* SectionListUI.swift */,
				B2DB55681CA02A7B00F89072 /* OutlinerViewController.swift */,
				B27D8D2F1C53A494003F1ABD /* AddToCatalogViewController.swift */,
				B27D8D331C5452AB003F1ABD /* CatalogListViewController.swift */,
			);
			name = "Element UI";
			sourceTree = "<group>";
		};
		B27D8D3A1C54E5DA003F1ABD /* Libraries */ = {
			isa = PBXGroup;
			children = (
				B27D8D431C54E5F7003F1ABD /* JSON */,
			);
			name = Libraries;
			sourceTree = "<group>";
		};
		B27D8D431C54E5F7003F1ABD /* JSON */ = {
			isa = PBXGroup;
			children = (
				B27D8D3B1C54E5ED003F1ABD /* JSON.swift */,
				B27D8D3C1C54E5ED003F1ABD /* JSONParseError.swift */,
				B27D8D3D1C54E5ED003F1ABD /* JSONParser.swift */,
				B27D8D3E1C54E5ED003F1ABD /* JSONSerializer.swift */,
			);
			name = JSON;
			sourceTree = "<group>";
		};
		B2800A1A1C49F90F00BE3874 /* State */ = {
			isa = PBXGroup;
			children = (
				B2D40B0F1BC143FA001ACEBF /* State.swift */,
			);
			name = State;
			sourceTree = "<group>";
		};
		B2800A241C4A776500BE3874 /* Text */ = {
			isa = PBXGroup;
			children = (
				B2800A251C4A777000BE3874 /* Text.swift */,
			);
			name = Text;
			sourceTree = "<group>";
		};
		B28518231BACE65700135E5C /* Components */ = {
			isa = PBXGroup;
			children = (
				B2A9F5BC1B76D0D40046EBE9 /* Components.swift */,
				B23D64A21C5A3E7E0032B72B /* ShapeStyle.swift */,
				B27FB6541C37A88D00DA7F00 /* ShapeGraphic.swift */,
				B264283D1C0978C800EEB259 /* ImageGraphic.swift */,
				B2800A1B1C4A10E900BE3874 /* FreeformGraphic.swift */,
				B27FB6581C37C60700DA7F00 /* FreeformGraphicGroup.swift */,
				B285181F1BACE56500135E5C /* Graphic.swift */,
				B2800A291C50DDEB00BE3874 /* Color.swift */,
			);
			name = Components;
			sourceTree = "<group>";
		};
		B28518371BB782F800135E5C /* Geometry */ = {
			isa = PBXGroup;
			children = (
				B2AE819F1CB561BE00548686 /* SpanDivision.swift */,
				B27FB65A1C37C72600DA7F00 /* Mark.swift */,
				B28518381BB786E100135E5C /* Line.swift */,
				B2B717F31BF3665600D3E7B1 /* Quad.swift */,
				B28518351BB782EE00135E5C /* Rectangle.swift */,
				B285181B1BAC3B9100135E5C /* Triangle.swift */,
				B27FB6561C37BD5C00DA7F00 /* ShapeGroup.swift */,
				B26428551C12B61000EEB259 /* Shape.swift */,
				B2AE819A1CB5526900548686 /* Sequences */,
			);
			name = Geometry;
			sourceTree = "<group>";
		};
		B28C929F1B5508C900A6DF28 = {
			isa = PBXGroup;
			children = (
				B26428391C0738BC00EEB259 /* Cartfile */,
				B28C92AA1B5508C900A6DF28 /* Chassis */,
				B28C92BF1B5508C900A6DF28 /* ChassisTests */,
				B2B717E21BE0E02400D3E7B1 /* Frameworks */,
				B28C92A91B5508C900A6DF28 /* Products */,
			);
			sourceTree = "<group>";
		};
		B28C92A91B5508C900A6DF28 /* Products */ = {
			isa = PBXGroup;
			children = (
				B28C92A81B5508C900A6DF28 /* Chassis.app */,
				B28C92BC1B5508C900A6DF28 /* ChassisTests.xctest */,
			);
			name = Products;
			sourceTree = "<group>";
		};
		B28C92AA1B5508C900A6DF28 /* Chassis */ = {
			isa = PBXGroup;
			children = (
				B29C435D1B9C505D0084F6AA /* Extensions */,
				B28C92D91B5545E900A6DF28 /* Controller */,
				B28C92D81B5545DC00A6DF28 /* Model */,
				B29C43631BA2F86D0084F6AA /* View */,
				B27D8D2E1C53A43D003F1ABD /* Element UI */,
				B28C92D61B5545CB00A6DF28 /* ExampleContent.swift */,
				B28C92B51B5508C900A6DF28 /* Main.storyboard */,
				B28C92B31B5508C900A6DF28 /* Images.xcassets */,
				B27D8D3A1C54E5DA003F1ABD /* Libraries */,
				B28C92AB1B5508C900A6DF28 /* Supporting Files */,
			);
			path = Chassis;
			sourceTree = "<group>";
		};
		B28C92AB1B5508C900A6DF28 /* Supporting Files */ = {
			isa = PBXGroup;
			children = (
				B28C92AC1B5508C900A6DF28 /* Info.plist */,
			);
			name = "Supporting Files";
			sourceTree = "<group>";
		};
		B28C92BF1B5508C900A6DF28 /* ChassisTests */ = {
			isa = PBXGroup;
			children = (
				B28C92C21B5508C900A6DF28 /* PropertyTests.swift */,
				B2D40B261BD3C66B001ACEBF /* ReactJSTests.swift */,
				B28C92C01B5508C900A6DF28 /* Supporting Files */,
			);
			path = ChassisTests;
			sourceTree = "<group>";
		};
		B28C92C01B5508C900A6DF28 /* Supporting Files */ = {
			isa = PBXGroup;
			children = (
				B28C92C11B5508C900A6DF28 /* Info.plist */,
			);
			name = "Supporting Files";
			sourceTree = "<group>";
		};
		B28C92D81B5545DC00A6DF28 /* Model */ = {
			isa = PBXGroup;
			children = (
				B2729E7E1C3A8FBE009B2491 /* Base */,
				B209DE481C3E528C00BA416C /* Designations */,
				B2E110D41C1D90EE00CC0106 /* Properties */,
				B2D40B1F1BD3B837001ACEBF /* JSON */,
				B2800A1A1C49F90F00BE3874 /* State */,
				B28518371BB782F800135E5C /* Geometry */,
				B264283F1C09793100EEB259 /* Images */,
				B28518231BACE65700135E5C /* Components */,
				B220E66D1BF8134A00C3F51B /* Guides */,
				B2AE81A81CB6783000548686 /* Sheets */,
				B2800A241C4A776500BE3874 /* Text */,
				B220E66B1BF8132C00C3F51B /* Catalog */,
				B209DE491C3E83EC00BA416C /* Work */,
				B220E66C1BF8133400C3F51B /* Nested */,
				B2D40B2A1BD58DE4001ACEBF /* JavaScript */,
				B29C43411B8205090084F6AA /* ShapeTools.swift */,
			);
			name = Model;
			sourceTree = "<group>";
		};
		B28C92D91B5545E900A6DF28 /* Controller */ = {
			isa = PBXGroup;
			children = (
				B2AE81971CB5295200548686 /* App */,
				B2729E7D1C3A8FB0009B2491 /* Base */,
				B2D40B1E1BD396E6001ACEBF /* Canvas */,
				B2D40B131BC296DB001ACEBF /* Tools */,
				B2AE81A11CB6350C00548686 /* Sections */,
				B2CDE7911C5DF33500DED502 /* Layers */,
				B2CDE7921C5DF33C00DED502 /* Catalog */,
				B29C43621BA1A6570084F6AA /* Component Properties */,
			);
			name = Controller;
			sourceTree = "<group>";
		};
		B29C435D1B9C505D0084F6AA /* Extensions */ = {
			isa = PBXGroup;
			children = (
				B29C435E1B9C53B40084F6AA /* Dictionary.swift */,
				B29C434C1B9A75AD0084F6AA /* Responder.swift */,
				B29C43551B9C40800084F6AA /* NSEventAdditions.swift */,
				B2D40B161BC298B1001ACEBF /* NSGestureRecognizer.swift */,
				B2D40B1A1BCD1AF4001ACEBF /* Layer.swift */,
			);
			name = Extensions;
			sourceTree = "<group>";
		};
		B29C43621BA1A6570084F6AA /* Component Properties */ = {
			isa = PBXGroup;
			children = (
				B29C435B1B9C4DAE0084F6AA /* ComponentProperties.swift */,
				B29C43591B9C4BB20084F6AA /* ComponentProperties.storyboard */,
			);
			name = "Component Properties";
			sourceTree = "<group>";
		};
		B29C43631BA2F86D0084F6AA /* View */ = {
			isa = PBXGroup;
			children = (
				B29C43641BA2F87E0084F6AA /* Fields.swift */,
			);
			name = View;
			sourceTree = "<group>";
		};
		B2AE81971CB5295200548686 /* App */ = {
			isa = PBXGroup;
			children = (
				B28C92AD1B5508C900A6DF28 /* AppDelegate.swift */,
			);
			name = App;
			sourceTree = "<group>";
		};
		B2AE819A1CB5526900548686 /* Sequences */ = {
			isa = PBXGroup;
			children = (
				B27D8D2A1C517D2D003F1ABD /* GeometricSequence.swift */,
				B2AE81981CB5515D00548686 /* RepeatingSequence.swift */,
				B2AE819D1CB55BD800548686 /* DimensionSequence.swift */,
			);
			name = Sequences;
			sourceTree = "<group>";
		};
		B2AE81A11CB6350C00548686 /* Sections */ = {
			isa = PBXGroup;
			children = (
			);
			name = Sections;
			sourceTree = "<group>";
		};
		B2AE81A81CB6783000548686 /* Sheets */ = {
			isa = PBXGroup;
			children = (
				B264284B1C0A647D00EEB259 /* GuideTransform.swift */,
				B2B717F11BED8BB800D3E7B1 /* GuideSheet.swift */,
				B2AE819B1CB55AF300548686 /* GraphicConstruct.swift */,
				B26428471C09A65100EEB259 /* GraphicSheet.swift */,
				B2AE81AB1CB6799100548686 /* CatalogContext.swift */,
			);
			name = Sheets;
			sourceTree = "<group>";
		};
		B2B717E21BE0E02400D3E7B1 /* Frameworks */ = {
			isa = PBXGroup;
			children = (
				B2B717DE1BE0E02000D3E7B1 /* BurntCocoaUI.framework */,
				B2B717DF1BE0E02000D3E7B1 /* BurntFoundation.framework */,
				B26428421C097E9E00EEB259 /* Alamofire.framework */,
			);
			name = Frameworks;
			sourceTree = "<group>";
		};
		B2CDE7911C5DF33500DED502 /* Layers */ = {
			isa = PBXGroup;
			children = (
				B29C43461B99B6280084F6AA /* ContentListViewController.swift */,
			);
			name = Layers;
			sourceTree = "<group>";
		};
		B2CDE7921C5DF33C00DED502 /* Catalog */ = {
			isa = PBXGroup;
			children = (
			);
			name = Catalog;
			sourceTree = "<group>";
		};
		B2D40B131BC296DB001ACEBF /* Tools */ = {
			isa = PBXGroup;
			children = (
				B2B717E31BE0E11600D3E7B1 /* CanvasToolIdentifier.swift */,
				B29C43501B9C3F510084F6AA /* CanvasTool.swift */,
				B2D40B141BC296EC001ACEBF /* MoveTool.swift */,
				B2D40B891BD756F2001ACEBF /* ShapeTool.swift */,
				B2B717DC1BE0DF8E00D3E7B1 /* ToolsMenu.swift */,
			);
			name = Tools;
			sourceTree = "<group>";
		};
		B2D40B1E1BD396E6001ACEBF /* Canvas */ = {
			isa = PBXGroup;
			children = (
				B26428451C09A1DB00EEB259 /* ComponentSelection.swift */,
				B2D40B0B1BC117B2001ACEBF /* CanvasLayer.swift */,
				B28C92CC1B55092900A6DF28 /* Canvas.swift */,
			);
			name = Canvas;
			sourceTree = "<group>";
		};
		B2D40B1F1BD3B837001ACEBF /* JSON */ = {
			isa = PBXGroup;
			children = (
				B2E001731C56F19700695916 /* JSONProtocols.swift */,
				B2D40B111BC14963001ACEBF /* JSONDecoding.swift */,
				B2E001771C57117000695916 /* JSON+Swift.swift */,
				B2E001751C570D7A00695916 /* JSON+Foundation.swift */,
			);
			name = JSON;
			sourceTree = "<group>";
		};
		B2D40B2A1BD58DE4001ACEBF /* JavaScript */ = {
			isa = PBXGroup;
			children = (
				B2D40B281BD3CBA3001ACEBF /* JSModule.swift */,
				B2D40B241BD3C108001ACEBF /* React.swift */,
			);
			name = JavaScript;
			sourceTree = "<group>";
		};
		B2E110D41C1D90EE00CC0106 /* Properties */ = {
			isa = PBXGroup;
			children = (
				B28C92CE1B5509AA00A6DF28 /* Properties.swift */,
				B2E110D51C1D933100CC0106 /* PropertiesSourceType.swift */,
				B2E110D21C1D90EA00CC0106 /* PropertyExtraction.swift */,
				B28C92D21B55141900A6DF28 /* Transforms.swift */,
			);
			name = Properties;
			sourceTree = "<group>";
		};
/* End PBXGroup section */

/* Begin PBXNativeTarget section */
		B28C92A71B5508C900A6DF28 /* Chassis */ = {
			isa = PBXNativeTarget;
			buildConfigurationList = B28C92C61B5508C900A6DF28 /* Build configuration list for PBXNativeTarget "Chassis" */;
			buildPhases = (
				B28C92A41B5508C900A6DF28 /* Sources */,
				B2B717E51BE0F82D00D3E7B1 /* CopyFiles */,
				B28C92A51B5508C900A6DF28 /* Frameworks */,
				B28C92A61B5508C900A6DF28 /* Resources */,
			);
			buildRules = (
			);
			dependencies = (
			);
			name = Chassis;
			productName = Chassis;
			productReference = B28C92A81B5508C900A6DF28 /* Chassis.app */;
			productType = "com.apple.product-type.application";
		};
		B28C92BB1B5508C900A6DF28 /* ChassisTests */ = {
			isa = PBXNativeTarget;
			buildConfigurationList = B28C92C91B5508C900A6DF28 /* Build configuration list for PBXNativeTarget "ChassisTests" */;
			buildPhases = (
				B28C92B81B5508C900A6DF28 /* Sources */,
				B28C92B91B5508C900A6DF28 /* Frameworks */,
				B28C92BA1B5508C900A6DF28 /* Resources */,
			);
			buildRules = (
			);
			dependencies = (
				B28C92BE1B5508C900A6DF28 /* PBXTargetDependency */,
			);
			name = ChassisTests;
			productName = ChassisTests;
			productReference = B28C92BC1B5508C900A6DF28 /* ChassisTests.xctest */;
			productType = "com.apple.product-type.bundle.unit-test";
		};
/* End PBXNativeTarget section */

/* Begin PBXProject section */
		B28C92A01B5508C900A6DF28 /* Project object */ = {
			isa = PBXProject;
			attributes = {
				LastSwiftMigration = 0700;
				LastSwiftUpdateCheck = 0700;
				LastUpgradeCheck = 0700;
				ORGANIZATIONNAME = "Burnt Caramel";
				TargetAttributes = {
					B28C92A71B5508C900A6DF28 = {
						CreatedOnToolsVersion = 6.4;
					};
					B28C92BB1B5508C900A6DF28 = {
						CreatedOnToolsVersion = 6.4;
						TestTargetID = B28C92A71B5508C900A6DF28;
					};
				};
			};
			buildConfigurationList = B28C92A31B5508C900A6DF28 /* Build configuration list for PBXProject "Chassis" */;
			compatibilityVersion = "Xcode 3.2";
			developmentRegion = English;
			hasScannedForEncodings = 0;
			knownRegions = (
				en,
				Base,
			);
			mainGroup = B28C929F1B5508C900A6DF28;
			productRefGroup = B28C92A91B5508C900A6DF28 /* Products */;
			projectDirPath = "";
			projectRoot = "";
			targets = (
				B28C92A71B5508C900A6DF28 /* Chassis */,
				B28C92BB1B5508C900A6DF28 /* ChassisTests */,
			);
		};
/* End PBXProject section */

/* Begin PBXResourcesBuildPhase section */
		B28C92A61B5508C900A6DF28 /* Resources */ = {
			isa = PBXResourcesBuildPhase;
			buildActionMask = 2147483647;
			files = (
				B28C92B41B5508C900A6DF28 /* Images.xcassets in Resources */,
				B29C435A1B9C4BB20084F6AA /* ComponentProperties.storyboard in Resources */,
				B264283A1C0738BC00EEB259 /* Cartfile in Resources */,
				B27D8D2D1C532D4F003F1ABD /* Element.storyboard in Resources */,
				B28C92B71B5508C900A6DF28 /* Main.storyboard in Resources */,
			);
			runOnlyForDeploymentPostprocessing = 0;
		};
		B28C92BA1B5508C900A6DF28 /* Resources */ = {
			isa = PBXResourcesBuildPhase;
			buildActionMask = 2147483647;
			files = (
			);
			runOnlyForDeploymentPostprocessing = 0;
		};
/* End PBXResourcesBuildPhase section */

/* Begin PBXSourcesBuildPhase section */
		B28C92A41B5508C900A6DF28 /* Sources */ = {
			isa = PBXSourcesBuildPhase;
			buildActionMask = 2147483647;
			files = (
				B2800A281C502C9E00BE3874 /* CombinedCatalog.swift in Sources */,
				B26428411C09793F00EEB259 /* ImageSource.swift in Sources */,
				B27D8D411C54E5ED003F1ABD /* JSONParser.swift in Sources */,
				B2800A2A1C50DDEB00BE3874 /* Color.swift in Sources */,
				B2AE81A01CB561BE00548686 /* SpanDivision.swift in Sources */,
				B264283E1C0978C800EEB259 /* ImageGraphic.swift in Sources */,
				B2D40B171BC298B1001ACEBF /* NSGestureRecognizer.swift in Sources */,
				B28C92B01B5508C900A6DF28 /* ViewController.swift in Sources */,
				B27FB6531C369DAA00DA7F00 /* GroupElementType.swift in Sources */,
				B27FB6571C37BD5C00DA7F00 /* ShapeGroup.swift in Sources */,
				B27D8D301C53A494003F1ABD /* AddToCatalogViewController.swift in Sources */,
				B27D8D3F1C54E5ED003F1ABD /* JSON.swift in Sources */,
				B26428521C0ABE0F00EEB259 /* AlterationType.swift in Sources */,
				B28595211CA422C6008C34F7 /* Outline.swift in Sources */,
				B2CDE7941C6204AC00DED502 /* KindType.swift in Sources */,
				B2D40B0E1BC120A9001ACEBF /* Designation.swift in Sources */,
				B28C92AE1B5508C900A6DF28 /* AppDelegate.swift in Sources */,
				B220E66A1BF8095B00C3F51B /* RectangleProducer.swift in Sources */,
				B27D8D341C5452AB003F1ABD /* CatalogListViewController.swift in Sources */,
				B209DE4D1C43C07E00BA416C /* UndoCommand.swift in Sources */,
				B29C43581B9C41F20084F6AA /* ElementAlteration.swift in Sources */,
				B2A9F5BD1B76D0D40046EBE9 /* Components.swift in Sources */,
				B249AB8F1CA7BD88006AAA42 /* IndexDisplay.swift in Sources */,
				B26428501C0AB6F300EEB259 /* CatalogReference.swift in Sources */,
				B285181E1BAC50A000135E5C /* Guide.swift in Sources */,
				B28C92D31B55141900A6DF28 /* Transforms.swift in Sources */,
				B2B944141CAA5F34005956A9 /* Section.swift in Sources */,
				B2AE81991CB5515D00548686 /* RepeatingSequence.swift in Sources */,
				B27D8D2B1C517D2D003F1ABD /* GeometricSequence.swift in Sources */,
				B2AE81A31CB6352200548686 /* ListUI.swift in Sources */,
				B28C92D11B55137400A6DF28 /* SourceContent.swift in Sources */,
				B26428461C09A1DB00EEB259 /* ComponentSelection.swift in Sources */,
				B220E6681BF808DA00C3F51B /* ComponentProducer.swift in Sources */,
				B29C43651BA2F87E0084F6AA /* Fields.swift in Sources */,
				B28C92D51B551F6900A6DF28 /* StateViewController.swift in Sources */,
				B28518391BB786E100135E5C /* Line.swift in Sources */,
				B2D40B191BC2A9B8001ACEBF /* LayerProducing.swift in Sources */,
				B27FB65B1C37C72600DA7F00 /* Mark.swift in Sources */,
				B28C92B21B5508C900A6DF28 /* Document.swift in Sources */,
				B2D40B101BC143FA001ACEBF /* State.swift in Sources */,
				B2D40B291BD3CBA3001ACEBF /* JSModule.swift in Sources */,
				B209DE471C3D22CE00BA416C /* Catalog.swift in Sources */,
				B29C43561B9C40800084F6AA /* NSEventAdditions.swift in Sources */,
				B264284C1C0A647D00EEB259 /* GuideTransform.swift in Sources */,
				B2A442041C5A34F200A911D8 /* CatalogSourceType.swift in Sources */,
				B2BEDB421CA63CB000AEC780 /* Scenario.swift in Sources */,
				B29C43611BA199850084F6AA /* DimensionTypes.swift in Sources */,
				B27FB64F1C35168700DA7F00 /* AnyElement.swift in Sources */,
				B2D40B251BD3C108001ACEBF /* React.swift in Sources */,
				B2D40B151BC296EC001ACEBF /* MoveTool.swift in Sources */,
				B29C434F1B9A791F0084F6AA /* MainWindowController.swift in Sources */,
				B2D40B1B1BCD1AF4001ACEBF /* Layer.swift in Sources */,
				B2B717F21BED8BB800D3E7B1 /* GuideSheet.swift in Sources */,
				B27FB6591C37C60700DA7F00 /* FreeformGraphicGroup.swift in Sources */,
				B28C92CF1B5509AA00A6DF28 /* Properties.swift in Sources */,
				B29C43511B9C3F510084F6AA /* CanvasTool.swift in Sources */,
				B285181C1BAC3B9100135E5C /* Triangle.swift in Sources */,
				B2AE819E1CB55BD800548686 /* DimensionSequence.swift in Sources */,
				B29C435F1B9C53B40084F6AA /* Dictionary.swift in Sources */,
				B2D40B0C1BC117B2001ACEBF /* CanvasLayer.swift in Sources */,
				B29C43421B8205090084F6AA /* ShapeTools.swift in Sources */,
				B2E110D31C1D90EA00CC0106 /* PropertyExtraction.swift in Sources */,
				B28C92CD1B55092900A6DF28 /* Canvas.swift in Sources */,
				B2B717E41BE0E11600D3E7B1 /* CanvasToolIdentifier.swift in Sources */,
				B23D64A31C5A3E7E0032B72B /* ShapeStyle.swift in Sources */,
				B29C434D1B9A75AD0084F6AA /* Responder.swift in Sources */,
				B27D8D321C544F03003F1ABD /* PopoverController.swift in Sources */,
				B2E001761C570D7A00695916 /* JSON+Foundation.swift in Sources */,
				B2E001741C56F19700695916 /* JSONProtocols.swift in Sources */,
				B26ADEC11C8EEEB10097B259 /* DocumentState.swift in Sources */,
				B2B944161CAA7265005956A9 /* ElementList.swift in Sources */,
				B2D40B8A1BD756F2001ACEBF /* ShapeTool.swift in Sources */,
				B28C92D71B5545CB00A6DF28 /* ExampleContent.swift in Sources */,
				B27FB64D1C350BCA00DA7F00 /* ElementReference.swift in Sources */,
				B27D8D401C54E5ED003F1ABD /* JSONParseError.swift in Sources */,
				B29C43471B99B6280084F6AA /* ContentListViewController.swift in Sources */,
				B2D40B231BD3BAB2001ACEBF /* ElementSourceType.swift in Sources */,
				B209DE4B1C3E83F900BA416C /* Work.swift in Sources */,
				B2800A1C1C4A10E900BE3874 /* FreeformGraphic.swift in Sources */,
				B2DB55691CA02A7B00F89072 /* OutlinerViewController.swift in Sources */,
				B264283C1C0978AF00EEB259 /* ImageLoader.swift in Sources */,
				B2B717F41BF3665600D3E7B1 /* Quad.swift in Sources */,
				B2E110D61C1D933100CC0106 /* PropertiesSourceType.swift in Sources */,
				B23E7F981BD98350008460C8 /* ComponentControllerType+Cocoa.swift in Sources */,
				B28518361BB782EE00135E5C /* Rectangle.swift in Sources */,
				B2B717DD1BE0DF8E00D3E7B1 /* ToolsMenu.swift in Sources */,
				B27D8D421C54E5ED003F1ABD /* JSONSerializer.swift in Sources */,
				B2AE81A51CB63A4E00548686 /* Pasteboard.swift in Sources */,
				B2D40B121BC14963001ACEBF /* JSONDecoding.swift in Sources */,
				B2AE81A71CB642CA00548686 /* SectionListUI.swift in Sources */,
				B28518201BACE56500135E5C /* Graphic.swift in Sources */,
				B27FB6511C36907D00DA7F00 /* Grid.swift in Sources */,
				B2E001781C57117000695916 /* JSON+Swift.swift in Sources */,
				B27FB6551C37A88D00DA7F00 /* ShapeGraphic.swift in Sources */,
				B264284A1C09BE2A00EEB259 /* ComponentKind.swift in Sources */,
				B29C43491B99C5A20084F6AA /* ControllerTypes.swift in Sources */,
				B264284E1C0AB4A200EEB259 /* ElementType.swift in Sources */,
				B26428561C12B61000EEB259 /* Shape.swift in Sources */,
			);
			runOnlyForDeploymentPostprocessing = 0;
		};
		B28C92B81B5508C900A6DF28 /* Sources */ = {
			isa = PBXSourcesBuildPhase;
			buildActionMask = 2147483647;
			files = (
				B2D40B271BD3C66B001ACEBF /* ReactJSTests.swift in Sources */,
				B28C92C31B5508C900A6DF28 /* PropertyTests.swift in Sources */,
			);
			runOnlyForDeploymentPostprocessing = 0;
		};
/* End PBXSourcesBuildPhase section */

/* Begin PBXTargetDependency section */
		B28C92BE1B5508C900A6DF28 /* PBXTargetDependency */ = {
			isa = PBXTargetDependency;
			target = B28C92A71B5508C900A6DF28 /* Chassis */;
			targetProxy = B28C92BD1B5508C900A6DF28 /* PBXContainerItemProxy */;
		};
/* End PBXTargetDependency section */

/* Begin PBXVariantGroup section */
		B28C92B51B5508C900A6DF28 /* Main.storyboard */ = {
			isa = PBXVariantGroup;
			children = (
				B28C92B61B5508C900A6DF28 /* Base */,
			);
			name = Main.storyboard;
			sourceTree = "<group>";
		};
/* End PBXVariantGroup section */

/* Begin XCBuildConfiguration section */
		B28C92C41B5508C900A6DF28 /* Debug */ = {
			isa = XCBuildConfiguration;
			buildSettings = {
				ALWAYS_SEARCH_USER_PATHS = NO;
				CLANG_CXX_LANGUAGE_STANDARD = "gnu++0x";
				CLANG_CXX_LIBRARY = "libc++";
				CLANG_ENABLE_MODULES = YES;
				CLANG_ENABLE_OBJC_ARC = YES;
				CLANG_WARN_BOOL_CONVERSION = YES;
				CLANG_WARN_CONSTANT_CONVERSION = YES;
				CLANG_WARN_DIRECT_OBJC_ISA_USAGE = YES_ERROR;
				CLANG_WARN_EMPTY_BODY = YES;
				CLANG_WARN_ENUM_CONVERSION = YES;
				CLANG_WARN_INT_CONVERSION = YES;
				CLANG_WARN_OBJC_ROOT_CLASS = YES_ERROR;
				CLANG_WARN_UNREACHABLE_CODE = YES;
				CLANG_WARN__DUPLICATE_METHOD_MATCH = YES;
				CODE_SIGN_IDENTITY = "-";
				COPY_PHASE_STRIP = NO;
				DEBUG_INFORMATION_FORMAT = dwarf;
				ENABLE_STRICT_OBJC_MSGSEND = YES;
				ENABLE_TESTABILITY = YES;
				GCC_C_LANGUAGE_STANDARD = gnu99;
				GCC_DYNAMIC_NO_PIC = NO;
				GCC_NO_COMMON_BLOCKS = YES;
				GCC_OPTIMIZATION_LEVEL = 0;
				GCC_PREPROCESSOR_DEFINITIONS = (
					"DEBUG=1",
					"$(inherited)",
				);
				GCC_SYMBOLS_PRIVATE_EXTERN = NO;
				GCC_WARN_64_TO_32_BIT_CONVERSION = YES;
				GCC_WARN_ABOUT_RETURN_TYPE = YES_ERROR;
				GCC_WARN_UNDECLARED_SELECTOR = YES;
				GCC_WARN_UNINITIALIZED_AUTOS = YES_AGGRESSIVE;
				GCC_WARN_UNUSED_FUNCTION = YES;
				GCC_WARN_UNUSED_VARIABLE = YES;
				MACOSX_DEPLOYMENT_TARGET = 10.10;
				MTL_ENABLE_DEBUG_INFO = YES;
				ONLY_ACTIVE_ARCH = YES;
				SDKROOT = macosx;
				SWIFT_OPTIMIZATION_LEVEL = "-Onone";
			};
			name = Debug;
		};
		B28C92C51B5508C900A6DF28 /* Release */ = {
			isa = XCBuildConfiguration;
			buildSettings = {
				ALWAYS_SEARCH_USER_PATHS = NO;
				CLANG_CXX_LANGUAGE_STANDARD = "gnu++0x";
				CLANG_CXX_LIBRARY = "libc++";
				CLANG_ENABLE_MODULES = YES;
				CLANG_ENABLE_OBJC_ARC = YES;
				CLANG_WARN_BOOL_CONVERSION = YES;
				CLANG_WARN_CONSTANT_CONVERSION = YES;
				CLANG_WARN_DIRECT_OBJC_ISA_USAGE = YES_ERROR;
				CLANG_WARN_EMPTY_BODY = YES;
				CLANG_WARN_ENUM_CONVERSION = YES;
				CLANG_WARN_INT_CONVERSION = YES;
				CLANG_WARN_OBJC_ROOT_CLASS = YES_ERROR;
				CLANG_WARN_UNREACHABLE_CODE = YES;
				CLANG_WARN__DUPLICATE_METHOD_MATCH = YES;
				CODE_SIGN_IDENTITY = "-";
				COPY_PHASE_STRIP = NO;
				DEBUG_INFORMATION_FORMAT = "dwarf-with-dsym";
				ENABLE_NS_ASSERTIONS = NO;
				ENABLE_STRICT_OBJC_MSGSEND = YES;
				GCC_C_LANGUAGE_STANDARD = gnu99;
				GCC_NO_COMMON_BLOCKS = YES;
				GCC_WARN_64_TO_32_BIT_CONVERSION = YES;
				GCC_WARN_ABOUT_RETURN_TYPE = YES_ERROR;
				GCC_WARN_UNDECLARED_SELECTOR = YES;
				GCC_WARN_UNINITIALIZED_AUTOS = YES_AGGRESSIVE;
				GCC_WARN_UNUSED_FUNCTION = YES;
				GCC_WARN_UNUSED_VARIABLE = YES;
				MACOSX_DEPLOYMENT_TARGET = 10.10;
				MTL_ENABLE_DEBUG_INFO = NO;
				SDKROOT = macosx;
			};
			name = Release;
		};
		B28C92C71B5508C900A6DF28 /* Debug */ = {
			isa = XCBuildConfiguration;
			buildSettings = {
				ASSETCATALOG_COMPILER_APPICON_NAME = AppIcon;
				COMBINE_HIDPI_IMAGES = YES;
				FRAMEWORK_SEARCH_PATHS = (
					"$(inherited)",
					"$(PROJECT_DIR)/Carthage/Build/Mac",
				);
				INFOPLIST_FILE = Chassis/Info.plist;
				LD_RUNPATH_SEARCH_PATHS = "$(inherited) @executable_path/../Frameworks";
				MACOSX_DEPLOYMENT_TARGET = 10.11;
				PRODUCT_BUNDLE_IDENTIFIER = "com.burntcaramel.$(PRODUCT_NAME:rfc1034identifier)";
				PRODUCT_NAME = "$(TARGET_NAME)";
			};
			name = Debug;
		};
		B28C92C81B5508C900A6DF28 /* Release */ = {
			isa = XCBuildConfiguration;
			buildSettings = {
				ASSETCATALOG_COMPILER_APPICON_NAME = AppIcon;
				COMBINE_HIDPI_IMAGES = YES;
				FRAMEWORK_SEARCH_PATHS = (
					"$(inherited)",
					"$(PROJECT_DIR)/Carthage/Build/Mac",
				);
				INFOPLIST_FILE = Chassis/Info.plist;
				LD_RUNPATH_SEARCH_PATHS = "$(inherited) @executable_path/../Frameworks";
				MACOSX_DEPLOYMENT_TARGET = 10.11;
				PRODUCT_BUNDLE_IDENTIFIER = "com.burntcaramel.$(PRODUCT_NAME:rfc1034identifier)";
				PRODUCT_NAME = "$(TARGET_NAME)";
			};
			name = Release;
		};
		B28C92CA1B5508C900A6DF28 /* Debug */ = {
			isa = XCBuildConfiguration;
			buildSettings = {
				BUNDLE_LOADER = "$(TEST_HOST)";
				COMBINE_HIDPI_IMAGES = YES;
				FRAMEWORK_SEARCH_PATHS = (
					"$(DEVELOPER_FRAMEWORKS_DIR)",
					"$(inherited)",
				);
				GCC_PREPROCESSOR_DEFINITIONS = (
					"DEBUG=1",
					"$(inherited)",
				);
				INFOPLIST_FILE = ChassisTests/Info.plist;
				LD_RUNPATH_SEARCH_PATHS = "$(inherited) @executable_path/../Frameworks @loader_path/../Frameworks";
				MACOSX_DEPLOYMENT_TARGET = 10.11;
				PRODUCT_BUNDLE_IDENTIFIER = "com.burntcaramel.$(PRODUCT_NAME:rfc1034identifier)";
				PRODUCT_NAME = "$(TARGET_NAME)";
				TEST_HOST = "$(BUILT_PRODUCTS_DIR)/Chassis.app/Contents/MacOS/Chassis";
			};
			name = Debug;
		};
		B28C92CB1B5508C900A6DF28 /* Release */ = {
			isa = XCBuildConfiguration;
			buildSettings = {
				BUNDLE_LOADER = "$(TEST_HOST)";
				COMBINE_HIDPI_IMAGES = YES;
				FRAMEWORK_SEARCH_PATHS = (
					"$(DEVELOPER_FRAMEWORKS_DIR)",
					"$(inherited)",
				);
				INFOPLIST_FILE = ChassisTests/Info.plist;
				LD_RUNPATH_SEARCH_PATHS = "$(inherited) @executable_path/../Frameworks @loader_path/../Frameworks";
				MACOSX_DEPLOYMENT_TARGET = 10.11;
				PRODUCT_BUNDLE_IDENTIFIER = "com.burntcaramel.$(PRODUCT_NAME:rfc1034identifier)";
				PRODUCT_NAME = "$(TARGET_NAME)";
				TEST_HOST = "$(BUILT_PRODUCTS_DIR)/Chassis.app/Contents/MacOS/Chassis";
			};
			name = Release;
		};
/* End XCBuildConfiguration section */

/* Begin XCConfigurationList section */
		B28C92A31B5508C900A6DF28 /* Build configuration list for PBXProject "Chassis" */ = {
			isa = XCConfigurationList;
			buildConfigurations = (
				B28C92C41B5508C900A6DF28 /* Debug */,
				B28C92C51B5508C900A6DF28 /* Release */,
			);
			defaultConfigurationIsVisible = 0;
			defaultConfigurationName = Release;
		};
		B28C92C61B5508C900A6DF28 /* Build configuration list for PBXNativeTarget "Chassis" */ = {
			isa = XCConfigurationList;
			buildConfigurations = (
				B28C92C71B5508C900A6DF28 /* Debug */,
				B28C92C81B5508C900A6DF28 /* Release */,
			);
			defaultConfigurationIsVisible = 0;
			defaultConfigurationName = Release;
		};
		B28C92C91B5508C900A6DF28 /* Build configuration list for PBXNativeTarget "ChassisTests" */ = {
			isa = XCConfigurationList;
			buildConfigurations = (
				B28C92CA1B5508C900A6DF28 /* Debug */,
				B28C92CB1B5508C900A6DF28 /* Release */,
			);
			defaultConfigurationIsVisible = 0;
			defaultConfigurationName = Release;
		};
/* End XCConfigurationList section */
	};
	rootObject = B28C92A01B5508C900A6DF28 /* Project object */;
}
